github.com/aaa2ppp/contestio v0.1.0 h1:Hhtl27ELwZqs8lsiOt7sL3hT+VgPTsHEKvcerxu8Yg4=
github.com/aaa2ppp/contestio v0.1.0/go.mod h1:BEwj0rg/whp9vGVoiMBoIbMkKKAlncq7DtUQX/fKAp8=
github.com/aaa2ppp/contestio v0.1.2 h1:oB5ZnJx65ddakrlhhgt6MwYTPEEtt/U063MY4b/0o4c=
github.com/aaa2ppp/contestio v0.1.2/go.mod h1:BEwj0rg/whp9vGVoiMBoIbMkKKAlncq7DtUQX/fKAp8=
